
Microsoft Visual Studio Solution File, Format Version 12.00
# Visual Studio Version 16
VisualStudioVersion = 16.0.31624.102
MinimumVisualStudioVersion = 10.0.40219.1
Project("{FAE04EC0-301F-11D3-BF4B-00C04F79EFBC}") = "ReadModuleTest", "ReadModuleTest.csproj", "{A299F0E3-8322-41C7-9D81-D04D5AECAEB2}"
EndProject
Global
	GlobalSection(SolutionConfigurationPlatforms) = preSolution
		Debug|Any CPU = Debug|Any CPU
		Release|Any CPU = Release|Any CPU
	EndGlobalSection
	GlobalSection(ProjectConfigurationPlatforms) = postSolution
		{A299F0E3-8322-41C7-9D81-D04D5AECAEB2}.Debug|Any CPU.ActiveCfg = Debug|Any CPU
		{A299F0E3-8322-41C7-9D81-D04D5AECAEB2}.Debug|Any CPU.Build.0 = Debug|Any CPU
		{A299F0E3-8322-41C7-9D81-D04D5AECAEB2}.Release|Any CPU.ActiveCfg = Release|Any CPU
		{A299F0E3-8322-41C7-9D81-D04D5AECAEB2}.Release|Any CPU.Build.0 = Release|Any CPU
	EndGlobalSection
	GlobalSection(SolutionProperties) = preSolution
		HideSolutionNode = FALSE
	EndGlobalSection
	GlobalSection(ExtensibilityGlobals) = postSolution
		SolutionGuid = {03E63323-EBF9-463B-8C49-A09AAA84DABD}
	EndGlobalSection
EndGlobal
